{
  "name": "@solana-receive/helpers",
  "version": "0.1.0",
  "lockfileVersion": 3,
  "requires": true,
  "packages": {
    "": {
      "name": "@solana-receive/helpers",
      "version": "0.1.0",
      "dependencies": {
        "@solana/addresses": "^2.1.0",
        "@solana/keys": "^2.1.0"
      },
      "devDependencies": {
        "@types/node": "^26.1.1",
        "typescript": "^5.8.0"
      }
    },
    "node_modules/@solana/addresses": {
      "version": "2.3.0",
      "resolved": "https://registry.npmjs.org/@solana/addresses/-/addresses-2.3.0.tgz",
      "integrity": "sha512-ypTNkY2ZaRFpHLnHAgaW8a83N0/WoqdFvCqf4CQmnMdFsZSdC7qOwcbd7YzdaQn9dy+P2hybewzB+KP7LutxGA==",
      "license": "MIT",
      "dependencies": {
        "@solana/assertions": "2.3.0",
        "@solana/codecs-core": "2.3.0",
        "@solana/codecs-strings": "2.3.0",
        "@solana/errors": "2.3.0",
        "@solana/nominal-types": "2.3.0"
      },
      "engines": {
        "node": ">=20.18.0"
      },
      "peerDependencies": {
        "typescript": ">=5.3.3"
      }
    },
    "node_modules/@solana/assertions": {
      "version": "2.3.0",
      "resolved": "https://registry.npmjs.org/@solana/assertions/-/assertions-2.3.0.tgz",
      "integrity": "sha512-Ekoet3khNg3XFLN7MIz8W31wPQISpKUGDGTylLptI+JjCDWx3PIa88xjEMqFo02WJ8sBj2NLV64Xg1sBcsHjZQ==",
      "license": "MIT",
      "dependencies": {
        "@solana/errors": "2.3.0"
      },
      "engines": {
        "node": ">=20.18.0"
      },
      "peerDependencies": {
        "typescript": ">=5.3.3"
      }
    },
    "node_modules/@solana/codecs-core": {
      "version": "2.3.0",
      "resolved": "https://registry.npmjs.org/@solana/codecs-core/-/codecs-core-2.3.0.tgz",
      "integrity": "sha512-oG+VZzN6YhBHIoSKgS5ESM9VIGzhWjEHEGNPSibiDTxFhsFWxNaz8LbMDPjBUE69r9wmdGLkrQ+wVPbnJcZPvw==",
      "license": "MIT",
      "dependencies": {
        "@solana/errors": "2.3.0"
      },
      "engines": {
        "node": ">=20.18.0"
      },
      "peerDependencies": {
        "typescript": ">=5.3.3"
      }
    },
    "node_modules/@solana/codecs-numbers": {
      "version": "2.3.0",
      "resolved": "https://registry.npmjs.org/@solana/codecs-numbers/-/codecs-numbers-2.3.0.tgz",
      "integrity": "sha512-jFvvwKJKffvG7Iz9dmN51OGB7JBcy2CJ6Xf3NqD/VP90xak66m/Lg48T01u5IQ/hc15mChVHiBm+HHuOFDUrQg==",
      "license": "MIT",
      "dependencies": {
        "@solana/codecs-core": "2.3.0",
        "@solana/errors": "2.3.0"
      },
      "engines": {
        "node": ">=20.18.0"
      },
      "peerDependencies": {
        "typescript": ">=5.3.3"
      }
    },
    "node_modules/@solana/codecs-strings": {
      "version": "2.3.0",
      "resolved": "https://registry.npmjs.org/@solana/codecs-strings/-/codecs-strings-2.3.0.tgz",
      "integrity": "sha512-y5pSBYwzVziXu521hh+VxqUtp0hYGTl1eWGoc1W+8mdvBdC1kTqm/X7aYQw33J42hw03JjryvYOvmGgk3Qz/Ug==",
      "license": "MIT",
      "dependencies": {
        "@solana/codecs-core": "2.3.0",
        "@solana/codecs-numbers": "2.3.0",
        "@solana/errors": "2.3.0"
      },
      "engines": {
        "node": ">=20.18.0"
      },
      "peerDependencies": {
        "fastestsmallesttextencoderdecoder": "^1.0.22",
        "typescript": ">=5.3.3"
      }
    },
    "node_modules/@solana/errors": {
      "version": "2.3.0",
      "resolved": "https://registry.npmjs.org/@solana/errors/-/errors-2.3.0.tgz",
      "integrity": "sha512-66RI9MAbwYV0UtP7kGcTBVLxJgUxoZGm8Fbc0ah+lGiAw17Gugco6+9GrJCV83VyF2mDWyYnYM9qdI3yjgpnaQ==",
      "license": "MIT",
      "dependencies": {
        "chalk": "^5.4.1",
        "commander": "^14.0.0"
      },
      "bin": {
        "errors": "bin/cli.mjs"
      },
      "engines": {
        "node": ">=20.18.0"
      },
      "peerDependencies": {
        "typescript": ">=5.3.3"
      }
    },
    "node_modules/@solana/keys": {
      "version": "2.3.0",
      "resolved": "https://registry.npmjs.org/@solana/keys/-/keys-2.3.0.tgz",
      "integrity": "sha512-ZVVdga79pNH+2pVcm6fr2sWz9HTwfopDVhYb0Lh3dh+WBmJjwkabXEIHey2rUES7NjFa/G7sV8lrUn/v8LDCCQ==",
      "license": "MIT",
      "dependencies": {
        "@solana/assertions": "2.3.0",
        "@solana/codecs-core": "2.3.0",
        "@solana/codecs-strings": "2.3.0",
        "@solana/errors": "2.3.0",
        "@solana/nominal-types": "2.3.0"
      },
      "engines": {
        "node": ">=20.18.0"
      },
      "peerDependencies": {
        "typescript": ">=5.3.3"
      }
    },
    "node_modules/@solana/nominal-types": {
      "version": "2.3.0",
      "resolved": "https://registry.npmjs.org/@solana/nominal-types/-/nominal-types-2.3.0.tgz",
      "integrity": "sha512-uKlMnlP4PWW5UTXlhKM8lcgIaNj8dvd8xO4Y9l+FVvh9RvW2TO0GwUO6JCo7JBzCB0PSqRJdWWaQ8pu1Ti/OkA==",
      "license": "MIT",
      "engines": {
        "node": ">=20.18.0"
      },
      "peerDependencies": {
        "typescript": ">=5.3.3"
      }
    },
    "node_modules/@types/node": {
      "version": "26.1.1",
      "resolved": "https://registry.npmjs.org/@types/node/-/node-26.1.1.tgz",
      "integrity": "sha512-nxAkRSVkN1Y0JC1W8ky/fTfkGsMmcrRsbx+3XoZE+rMOX71kLYTV7fLXpqud1GpbpP5TuffXFqfX7fH2GgZREw==",
      "dev": true,
      "license": "MIT",
      "dependencies": {
        "undici-types": "~8.3.0"
      }
    },
    "node_modules/chalk": {
      "version": "5.6.2",
      "resolved": "https://registry.npmjs.org/chalk/-/chalk-5.6.2.tgz",
      "integrity": "sha512-7NzBL0rN6fMUW+f7A6Io4h40qQlG+xGmtMxfbnH/K7TAtt8JQWVQK+6g0UXKMeVJoyV5EkkNsErQ8pVD3bLHbA==",
      "license": "MIT",
      "engines": {
        "node": "^12.17.0 || ^14.13 || >=16.0.0"
      },
      "funding": {
        "url": "https://github.com/chalk/chalk?sponsor=1"
      }
    },
    "node_modules/commander": {
      "version": "14.0.3",
      "resolved": "https://registry.npmjs.org/commander/-/commander-14.0.3.tgz",
      "integrity": "sha512-H+y0Jo/T1RZ9qPP4Eh1pkcQcLRglraJaSLoyOtHxu6AapkjWVCy2Sit1QQ4x3Dng8qDlSsZEet7g5Pq06MvTgw==",
      "license": "MIT",
      "engines": {
        "node": ">=20"
      }
    },
    "node_modules/fastestsmallesttextencoderdecoder": {
      "version": "1.0.22",
      "resolved": "https://registry.npmjs.org/fastestsmallesttextencoderdecoder/-/fastestsmallesttextencoderdecoder-1.0.22.tgz",
      "integrity": "sha512-Pb8d48e+oIuY4MaM64Cd7OW1gt4nxCHs7/ddPPZ/Ic3sg8yVGM7O9wDvZ7us6ScaUupzM+pfBolwtYhN1IxBIw==",
      "license": "CC0-1.0",
      "peer": true
    },
    "node_modules/typescript": {
      "version": "5.9.3",
      "resolved": "https://registry.npmjs.org/typescript/-/typescript-5.9.3.tgz",
      "integrity": "sha512-jl1vZzPDinLr9eUt3J/t7V6FgNEw9QjvBPdysz9KfQDD41fQrC2Y4vKQdiaUpFT4bXlb1RHhLpp8wtm6M5TgSw==",
      "license": "Apache-2.0",
      "bin": {
        "tsc": "bin/tsc",
        "tsserver": "bin/tsserver"
      },
      "engines": {
        "node": ">=14.17"
      }
    },
    "node_modules/undici-types": {
      "version": "8.3.0",
      "resolved": "https://registry.npmjs.org/undici-types/-/undici-types-8.3.0.tgz",
      "integrity": "sha512-j375ScV60dom+YkPFIfTLcOiPxkN/buHz5GobjLhixFuANaNs3C9l4GmrWqejgXWJ7BbJcFYpTEUkS1Ge8bpZQ==",
      "dev": true,
      "license": "MIT"
    }
  }
}
